
Microsoft Visual Studio Solution File, Format Version 12.00
# Visual Studio Version 16
VisualStudioVersion = 16.0.30413.136
MinimumVisualStudioVersion = 10.0.40219.1
Project("{FAE04EC0-301F-11D3-BF4B-00C04F79EFBC}") = "DatumCas01", "DatumCas01.csproj", "{A56C66F8-17D5-4E05-8EEF-3FE1285107E8}"
EndProject
Global
	GlobalSection(SolutionConfigurationPlatforms) = preSolution
		Debug|Any CPU = Debug|Any CPU
		Release|Any CPU = Release|Any CPU
	EndGlobalSection
	GlobalSection(ProjectConfigurationPlatforms) = postSolution
		{A56C66F8-17D5-4E05-8EEF-3FE1285107E8}.Debug|Any CPU.ActiveCfg = Debug|Any CPU
		{A56C66F8-17D5-4E05-8EEF-3FE1285107E8}.Debug|Any CPU.Build.0 = Debug|Any CPU
		{A56C66F8-17D5-4E05-8EEF-3FE1285107E8}.Release|Any CPU.ActiveCfg = Release|Any CPU
		{A56C66F8-17D5-4E05-8EEF-3FE1285107E8}.Release|Any CPU.Build.0 = Release|Any CPU
	EndGlobalSection
	GlobalSection(SolutionProperties) = preSolution
		HideSolutionNode = FALSE
	EndGlobalSection
	GlobalSection(ExtensibilityGlobals) = postSolution
		SolutionGuid = {3C1207AB-C727-4DF1-9BEA-3AD8F95F83FE}
	EndGlobalSection
EndGlobal
